
Microsoft Visual Studio Solution File, Format Version 12.00
# Visual Studio 2013
VisualStudioVersion = 12.0.30501.0
MinimumVisualStudioVersion = 10.0.40219.1
Project("{FAE04EC0-301F-11D3-BF4B-00C04F79EFBC}") = "ShoppingCart", "ShoppingCart\ShoppingCart\ShoppingCart.csproj", "{8EB80E50-EF54-451B-9768-3D38E2A3E122}"
EndProject
Project("{FAE04EC0-301F-11D3-BF4B-00C04F79EFBC}") = "ShoppingCart.iOS", "ShoppingCart\ShoppingCart.iOS\ShoppingCart.iOS.csproj", "{5CC6B8DE-070F-44A3-B3E3-8805A8C2E62E}"
EndProject
Project("{FAE04EC0-301F-11D3-BF4B-00C04F79EFBC}") = "ShoppingCart.Android", "ShoppingCart\ShoppingCart.Android\ShoppingCart.Android.csproj", "{33895682-74E6-42CF-847A-061E5785D603}"
EndProject
Project("{FAE04EC0-301F-11D3-BF4B-00C04F79EFBC}") = "ShoppingCart.WinPhone", "ShoppingCart\ShoppingCart.WinPhone\ShoppingCart.WinPhone.csproj", "{011A02A3-1593-4C69-8764-FA8730453668}"
EndProject
Global
	GlobalSection(SolutionConfigurationPlatforms) = preSolution
		Ad-Hoc|Any CPU = Ad-Hoc|Any CPU
		Ad-Hoc|ARM = Ad-Hoc|ARM
		Ad-Hoc|iPhone = Ad-Hoc|iPhone
		Ad-Hoc|iPhoneSimulator = Ad-Hoc|iPhoneSimulator
		Ad-Hoc|Mixed Platforms = Ad-Hoc|Mixed Platforms
		Ad-Hoc|x86 = Ad-Hoc|x86
		AppStore|Any CPU = AppStore|Any CPU
		AppStore|ARM = AppStore|ARM
		AppStore|iPhone = AppStore|iPhone
		AppStore|iPhoneSimulator = AppStore|iPhoneSimulator
		AppStore|Mixed Platforms = AppStore|Mixed Platforms
		AppStore|x86 = AppStore|x86
		Debug|Any CPU = Debug|Any CPU
		Debug|ARM = Debug|ARM
		Debug|iPhone = Debug|iPhone
		Debug|iPhoneSimulator = Debug|iPhoneSimulator
		Debug|Mixed Platforms = Debug|Mixed Platforms
		Debug|x86 = Debug|x86
		Release|Any CPU = Release|Any CPU
		Release|ARM = Release|ARM
		Release|iPhone = Release|iPhone
		Release|iPhoneSimulator = Release|iPhoneSimulator
		Release|Mixed Platforms = Release|Mixed Platforms
		Release|x86 = Release|x86
	EndGlobalSection
	GlobalSection(ProjectConfigurationPlatforms) = postSolution
		{8EB80E50-EF54-451B-9768-3D38E2A3E122}.Ad-Hoc|Any CPU.ActiveCfg = Release|Any CPU
		{8EB80E50-EF54-451B-9768-3D38E2A3E122}.Ad-Hoc|Any CPU.Build.0 = Release|Any CPU
		{8EB80E50-EF54-451B-9768-3D38E2A3E122}.Ad-Hoc|ARM.ActiveCfg = Release|Any CPU
		{8EB80E50-EF54-451B-9768-3D38E2A3E122}.Ad-Hoc|iPhone.ActiveCfg = Release|Any CPU
		{8EB80E50-EF54-451B-9768-3D38E2A3E122}.Ad-Hoc|iPhoneSimulator.ActiveCfg = Release|Any CPU
		{8EB80E50-EF54-451B-9768-3D38E2A3E122}.Ad-Hoc|Mixed Platforms.ActiveCfg = Release|Any CPU
		{8EB80E50-EF54-451B-9768-3D38E2A3E122}.Ad-Hoc|Mixed Platforms.Build.0 = Release|Any CPU
		{8EB80E50-EF54-451B-9768-3D38E2A3E122}.Ad-Hoc|x86.ActiveCfg = Release|Any CPU
		{8EB80E50-EF54-451B-9768-3D38E2A3E122}.AppStore|Any CPU.ActiveCfg = Release|Any CPU
		{8EB80E50-EF54-451B-9768-3D38E2A3E122}.AppStore|Any CPU.Build.0 = Release|Any CPU
		{8EB80E50-EF54-451B-9768-3D38E2A3E122}.AppStore|ARM.ActiveCfg = Release|Any CPU
		{8EB80E50-EF54-451B-9768-3D38E2A3E122}.AppStore|iPhone.ActiveCfg = Release|Any CPU
		{8EB80E50-EF54-451B-9768-3D38E2A3E122}.AppStore|iPhoneSimulator.ActiveCfg = Release|Any CPU
		{8EB80E50-EF54-451B-9768-3D38E2A3E122}.AppStore|Mixed Platforms.ActiveCfg = Release|Any CPU
		{8EB80E50-EF54-451B-9768-3D38E2A3E122}.AppStore|Mixed Platforms.Build.0 = Release|Any CPU
		{8EB80E50-EF54-451B-9768-3D38E2A3E122}.AppStore|x86.ActiveCfg = Release|Any CPU
		{8EB80E50-EF54-451B-9768-3D38E2A3E122}.Debug|Any CPU.ActiveCfg = Debug|Any CPU
		{8EB80E50-EF54-451B-9768-3D38E2A3E122}.Debug|Any CPU.Build.0 = Debug|Any CPU
		{8EB80E50-EF54-451B-9768-3D38E2A3E122}.Debug|ARM.ActiveCfg = Debug|Any CPU
		{8EB80E50-EF54-451B-9768-3D38E2A3E122}.Debug|iPhone.ActiveCfg = Debug|Any CPU
		{8EB80E50-EF54-451B-9768-3D38E2A3E122}.Debug|iPhoneSimulator.ActiveCfg = Debug|Any CPU
		{8EB80E50-EF54-451B-9768-3D38E2A3E122}.Debug|Mixed Platforms.ActiveCfg = Debug|Any CPU
		{8EB80E50-EF54-451B-9768-3D38E2A3E122}.Debug|Mixed Platforms.Build.0 = Debug|Any CPU
		{8EB80E50-EF54-451B-9768-3D38E2A3E122}.Debug|x86.ActiveCfg = Debug|Any CPU
		{8EB80E50-EF54-451B-9768-3D38E2A3E122}.Release|Any CPU.ActiveCfg = Release|Any CPU
		{8EB80E50-EF54-451B-9768-3D38E2A3E122}.Release|Any CPU.Build.0 = Release|Any CPU
		{8EB80E50-EF54-451B-9768-3D38E2A3E122}.Release|ARM.ActiveCfg = Release|Any CPU
		{8EB80E50-EF54-451B-9768-3D38E2A3E122}.Release|iPhone.ActiveCfg = Release|Any CPU
		{8EB80E50-EF54-451B-9768-3D38E2A3E122}.Release|iPhoneSimulator.ActiveCfg = Release|Any CPU
		{8EB80E50-EF54-451B-9768-3D38E2A3E122}.Release|Mixed Platforms.ActiveCfg = Release|Any CPU
		{8EB80E50-EF54-451B-9768-3D38E2A3E122}.Release|Mixed Platforms.Build.0 = Release|Any CPU
		{8EB80E50-EF54-451B-9768-3D38E2A3E122}.Release|x86.ActiveCfg = Release|Any CPU
		{5CC6B8DE-070F-44A3-B3E3-8805A8C2E62E}.Ad-Hoc|Any CPU.ActiveCfg = Ad-Hoc|iPhone
		{5CC6B8DE-070F-44A3-B3E3-8805A8C2E62E}.Ad-Hoc|ARM.ActiveCfg = Ad-Hoc|iPhone
		{5CC6B8DE-070F-44A3-B3E3-8805A8C2E62E}.Ad-Hoc|iPhone.ActiveCfg = Ad-Hoc|iPhone
		{5CC6B8DE-070F-44A3-B3E3-8805A8C2E62E}.Ad-Hoc|iPhone.Build.0 = Ad-Hoc|iPhone
		{5CC6B8DE-070F-44A3-B3E3-8805A8C2E62E}.Ad-Hoc|iPhone.Deploy.0 = Ad-Hoc|iPhone
		{5CC6B8DE-070F-44A3-B3E3-8805A8C2E62E}.Ad-Hoc|iPhoneSimulator.ActiveCfg = Ad-Hoc|iPhoneSimulator
		{5CC6B8DE-070F-44A3-B3E3-8805A8C2E62E}.Ad-Hoc|iPhoneSimulator.Build.0 = Ad-Hoc|iPhoneSimulator
		{5CC6B8DE-070F-44A3-B3E3-8805A8C2E62E}.Ad-Hoc|iPhoneSimulator.Deploy.0 = Ad-Hoc|iPhoneSimulator
		{5CC6B8DE-070F-44A3-B3E3-8805A8C2E62E}.Ad-Hoc|Mixed Platforms.ActiveCfg = Ad-Hoc|iPhone
		{5CC6B8DE-070F-44A3-B3E3-8805A8C2E62E}.Ad-Hoc|Mixed Platforms.Build.0 = Ad-Hoc|iPhone
		{5CC6B8DE-070F-44A3-B3E3-8805A8C2E62E}.Ad-Hoc|Mixed Platforms.Deploy.0 = Ad-Hoc|iPhone
		{5CC6B8DE-070F-44A3-B3E3-8805A8C2E62E}.Ad-Hoc|x86.ActiveCfg = Ad-Hoc|iPhone
		{5CC6B8DE-070F-44A3-B3E3-8805A8C2E62E}.AppStore|Any CPU.ActiveCfg = AppStore|iPhone
		{5CC6B8DE-070F-44A3-B3E3-8805A8C2E62E}.AppStore|ARM.ActiveCfg = AppStore|iPhone
		{5CC6B8DE-070F-44A3-B3E3-8805A8C2E62E}.AppStore|iPhone.ActiveCfg = AppStore|iPhone
		{5CC6B8DE-070F-44A3-B3E3-8805A8C2E62E}.AppStore|iPhone.Build.0 = AppStore|iPhone
		{5CC6B8DE-070F-44A3-B3E3-8805A8C2E62E}.AppStore|iPhone.Deploy.0 = AppStore|iPhone
		{5CC6B8DE-070F-44A3-B3E3-8805A8C2E62E}.AppStore|iPhoneSimulator.ActiveCfg = AppStore|iPhoneSimulator
		{5CC6B8DE-070F-44A3-B3E3-8805A8C2E62E}.AppStore|iPhoneSimulator.Build.0 = AppStore|iPhoneSimulator
		{5CC6B8DE-070F-44A3-B3E3-8805A8C2E62E}.AppStore|iPhoneSimulator.Deploy.0 = AppStore|iPhoneSimulator
		{5CC6B8DE-070F-44A3-B3E3-8805A8C2E62E}.AppStore|Mixed Platforms.ActiveCfg = AppStore|iPhone
		{5CC6B8DE-070F-44A3-B3E3-8805A8C2E62E}.AppStore|Mixed Platforms.Build.0 = AppStore|iPhone
		{5CC6B8DE-070F-44A3-B3E3-8805A8C2E62E}.AppStore|Mixed Platforms.Deploy.0 = AppStore|iPhone
		{5CC6B8DE-070F-44A3-B3E3-8805A8C2E62E}.AppStore|x86.ActiveCfg = AppStore|iPhone
		{5CC6B8DE-070F-44A3-B3E3-8805A8C2E62E}.Debug|Any CPU.ActiveCfg = Debug|iPhone
		{5CC6B8DE-070F-44A3-B3E3-8805A8C2E62E}.Debug|ARM.ActiveCfg = Debug|iPhone
		{5CC6B8DE-070F-44A3-B3E3-8805A8C2E62E}.Debug|iPhone.ActiveCfg = Debug|iPhone
		{5CC6B8DE-070F-44A3-B3E3-8805A8C2E62E}.Debug|iPhone.Build.0 = Debug|iPhone
		{5CC6B8DE-070F-44A3-B3E3-8805A8C2E62E}.Debug|iPhone.Deploy.0 = Debug|iPhone
		{5CC6B8DE-070F-44A3-B3E3-8805A8C2E62E}.Debug|iPhoneSimulator.ActiveCfg = Debug|iPhoneSimulator
		{5CC6B8DE-070F-44A3-B3E3-8805A8C2E62E}.Debug|iPhoneSimulator.Build.0 = Debug|iPhoneSimulator
		{5CC6B8DE-070F-44A3-B3E3-8805A8C2E62E}.Debug|iPhoneSimulator.Deploy.0 = Debug|iPhoneSimulator
		{5CC6B8DE-070F-44A3-B3E3-8805A8C2E62E}.Debug|Mixed Platforms.ActiveCfg = Debug|iPhone
		{5CC6B8DE-070F-44A3-B3E3-8805A8C2E62E}.Debug|Mixed Platforms.Build.0 = Debug|iPhone
		{5CC6B8DE-070F-44A3-B3E3-8805A8C2E62E}.Debug|Mixed Platforms.Deploy.0 = Debug|iPhone
		{5CC6B8DE-070F-44A3-B3E3-8805A8C2E62E}.Debug|x86.ActiveCfg = Debug|iPhone
		{5CC6B8DE-070F-44A3-B3E3-8805A8C2E62E}.Release|Any CPU.ActiveCfg = Release|iPhone
		{5CC6B8DE-070F-44A3-B3E3-8805A8C2E62E}.Release|ARM.ActiveCfg = Release|iPhone
		{5CC6B8DE-070F-44A3-B3E3-8805A8C2E62E}.Release|iPhone.ActiveCfg = Release|iPhone
		{5CC6B8DE-070F-44A3-B3E3-8805A8C2E62E}.Release|iPhone.Build.0 = Release|iPhone
		{5CC6B8DE-070F-44A3-B3E3-8805A8C2E62E}.Release|iPhone.Deploy.0 = Release|iPhone
		{5CC6B8DE-070F-44A3-B3E3-8805A8C2E62E}.Release|iPhoneSimulator.ActiveCfg = Release|iPhoneSimulator
		{5CC6B8DE-070F-44A3-B3E3-8805A8C2E62E}.Release|iPhoneSimulator.Build.0 = Release|iPhoneSimulator
		{5CC6B8DE-070F-44A3-B3E3-8805A8C2E62E}.Release|iPhoneSimulator.Deploy.0 = Release|iPhoneSimulator
		{5CC6B8DE-070F-44A3-B3E3-8805A8C2E62E}.Release|Mixed Platforms.ActiveCfg = Release|iPhone
		{5CC6B8DE-070F-44A3-B3E3-8805A8C2E62E}.Release|Mixed Platforms.Build.0 = Release|iPhone
		{5CC6B8DE-070F-44A3-B3E3-8805A8C2E62E}.Release|Mixed Platforms.Deploy.0 = Release|iPhone
		{5CC6B8DE-070F-44A3-B3E3-8805A8C2E62E}.Release|x86.ActiveCfg = Release|iPhone
		{33895682-74E6-42CF-847A-061E5785D603}.Ad-Hoc|Any CPU.ActiveCfg = Release|Any CPU
		{33895682-74E6-42CF-847A-061E5785D603}.Ad-Hoc|Any CPU.Build.0 = Release|Any CPU
		{33895682-74E6-42CF-847A-061E5785D603}.Ad-Hoc|Any CPU.Deploy.0 = Release|Any CPU
		{33895682-74E6-42CF-847A-061E5785D603}.Ad-Hoc|ARM.ActiveCfg = Release|Any CPU
		{33895682-74E6-42CF-847A-061E5785D603}.Ad-Hoc|iPhone.ActiveCfg = Release|Any CPU
		{33895682-74E6-42CF-847A-061E5785D603}.Ad-Hoc|iPhoneSimulator.ActiveCfg = Release|Any CPU
		{33895682-74E6-42CF-847A-061E5785D603}.Ad-Hoc|Mixed Platforms.ActiveCfg = Release|Any CPU
		{33895682-74E6-42CF-847A-061E5785D603}.Ad-Hoc|Mixed Platforms.Build.0 = Release|Any CPU
		{33895682-74E6-42CF-847A-061E5785D603}.Ad-Hoc|Mixed Platforms.Deploy.0 = Release|Any CPU
		{33895682-74E6-42CF-847A-061E5785D603}.Ad-Hoc|x86.ActiveCfg = Release|Any CPU
		{33895682-74E6-42CF-847A-061E5785D603}.AppStore|Any CPU.ActiveCfg = Release|Any CPU
		{33895682-74E6-42CF-847A-061E5785D603}.AppStore|Any CPU.Build.0 = Release|Any CPU
		{33895682-74E6-42CF-847A-061E5785D603}.AppStore|Any CPU.Deploy.0 = Release|Any CPU
		{33895682-74E6-42CF-847A-061E5785D603}.AppStore|ARM.ActiveCfg = Release|Any CPU
		{33895682-74E6-42CF-847A-061E5785D603}.AppStore|iPhone.ActiveCfg = Release|Any CPU
		{33895682-74E6-42CF-847A-061E5785D603}.AppStore|iPhoneSimulator.ActiveCfg = Release|Any CPU
		{33895682-74E6-42CF-847A-061E5785D603}.AppStore|Mixed Platforms.ActiveCfg = Release|Any CPU
		{33895682-74E6-42CF-847A-061E5785D603}.AppStore|Mixed Platforms.Build.0 = Release|Any CPU
		{33895682-74E6-42CF-847A-061E5785D603}.AppStore|Mixed Platforms.Deploy.0 = Release|Any CPU
		{33895682-74E6-42CF-847A-061E5785D603}.AppStore|x86.ActiveCfg = Release|Any CPU
		{33895682-74E6-42CF-847A-061E5785D603}.Debug|Any CPU.ActiveCfg = Debug|Any CPU
		{33895682-74E6-42CF-847A-061E5785D603}.Debug|Any CPU.Build.0 = Debug|Any CPU
		{33895682-74E6-42CF-847A-061E5785D603}.Debug|Any CPU.Deploy.0 = Debug|Any CPU
		{33895682-74E6-42CF-847A-061E5785D603}.Debug|ARM.ActiveCfg = Debug|Any CPU
		{33895682-74E6-42CF-847A-061E5785D603}.Debug|iPhone.ActiveCfg = Debug|Any CPU
		{33895682-74E6-42CF-847A-061E5785D603}.Debug|iPhoneSimulator.ActiveCfg = Debug|Any CPU
		{33895682-74E6-42CF-847A-061E5785D603}.Debug|Mixed Platforms.ActiveCfg = Debug|Any CPU
		{33895682-74E6-42CF-847A-061E5785D603}.Debug|Mixed Platforms.Build.0 = Debug|Any CPU
		{33895682-74E6-42CF-847A-061E5785D603}.Debug|Mixed Platforms.Deploy.0 = Debug|Any CPU
		{33895682-74E6-42CF-847A-061E5785D603}.Debug|x86.ActiveCfg = Debug|Any CPU
		{33895682-74E6-42CF-847A-061E5785D603}.Release|Any CPU.ActiveCfg = Release|Any CPU
		{33895682-74E6-42CF-847A-061E5785D603}.Release|Any CPU.Build.0 = Release|Any CPU
		{33895682-74E6-42CF-847A-061E5785D603}.Release|Any CPU.Deploy.0 = Release|Any CPU
		{33895682-74E6-42CF-847A-061E5785D603}.Release|ARM.ActiveCfg = Release|Any CPU
		{33895682-74E6-42CF-847A-061E5785D603}.Release|iPhone.ActiveCfg = Release|Any CPU
		{33895682-74E6-42CF-847A-061E5785D603}.Release|iPhoneSimulator.ActiveCfg = Release|Any CPU
		{33895682-74E6-42CF-847A-061E5785D603}.Release|Mixed Platforms.ActiveCfg = Release|Any CPU
		{33895682-74E6-42CF-847A-061E5785D603}.Release|Mixed Platforms.Build.0 = Release|Any CPU
		{33895682-74E6-42CF-847A-061E5785D603}.Release|Mixed Platforms.Deploy.0 = Release|Any CPU
		{33895682-74E6-42CF-847A-061E5785D603}.Release|x86.ActiveCfg = Release|Any CPU
		{011A02A3-1593-4C69-8764-FA8730453668}.Ad-Hoc|Any CPU.ActiveCfg = Release|Any CPU
		{011A02A3-1593-4C69-8764-FA8730453668}.Ad-Hoc|Any CPU.Build.0 = Release|Any CPU
		{011A02A3-1593-4C69-8764-FA8730453668}.Ad-Hoc|Any CPU.Deploy.0 = Release|Any CPU
		{011A02A3-1593-4C69-8764-FA8730453668}.Ad-Hoc|ARM.ActiveCfg = Release|ARM
		{011A02A3-1593-4C69-8764-FA8730453668}.Ad-Hoc|ARM.Build.0 = Release|ARM
		{011A02A3-1593-4C69-8764-FA8730453668}.Ad-Hoc|ARM.Deploy.0 = Release|ARM
		{011A02A3-1593-4C69-8764-FA8730453668}.Ad-Hoc|iPhone.ActiveCfg = Release|Any CPU
		{011A02A3-1593-4C69-8764-FA8730453668}.Ad-Hoc|iPhoneSimulator.ActiveCfg = Release|Any CPU
		{011A02A3-1593-4C69-8764-FA8730453668}.Ad-Hoc|Mixed Platforms.ActiveCfg = Release|x86
		{011A02A3-1593-4C69-8764-FA8730453668}.Ad-Hoc|Mixed Platforms.Build.0 = Release|x86
		{011A02A3-1593-4C69-8764-FA8730453668}.Ad-Hoc|Mixed Platforms.Deploy.0 = Release|x86
		{011A02A3-1593-4C69-8764-FA8730453668}.Ad-Hoc|x86.ActiveCfg = Release|x86
		{011A02A3-1593-4C69-8764-FA8730453668}.Ad-Hoc|x86.Build.0 = Release|x86
		{011A02A3-1593-4C69-8764-FA8730453668}.Ad-Hoc|x86.Deploy.0 = Release|x86
		{011A02A3-1593-4C69-8764-FA8730453668}.AppStore|Any CPU.ActiveCfg = Release|Any CPU
		{011A02A3-1593-4C69-8764-FA8730453668}.AppStore|Any CPU.Build.0 = Release|Any CPU
		{011A02A3-1593-4C69-8764-FA8730453668}.AppStore|Any CPU.Deploy.0 = Release|Any CPU
		{011A02A3-1593-4C69-8764-FA8730453668}.AppStore|ARM.ActiveCfg = Release|ARM
		{011A02A3-1593-4C69-8764-FA8730453668}.AppStore|ARM.Build.0 = Release|ARM
		{011A02A3-1593-4C69-8764-FA8730453668}.AppStore|ARM.Deploy.0 = Release|ARM
		{011A02A3-1593-4C69-8764-FA8730453668}.AppStore|iPhone.ActiveCfg = Release|Any CPU
		{011A02A3-1593-4C69-8764-FA8730453668}.AppStore|iPhoneSimulator.ActiveCfg = Release|Any CPU
		{011A02A3-1593-4C69-8764-FA8730453668}.AppStore|Mixed Platforms.ActiveCfg = Release|x86
		{011A02A3-1593-4C69-8764-FA8730453668}.AppStore|Mixed Platforms.Build.0 = Release|x86
		{011A02A3-1593-4C69-8764-FA8730453668}.AppStore|Mixed Platforms.Deploy.0 = Release|x86
		{011A02A3-1593-4C69-8764-FA8730453668}.AppStore|x86.ActiveCfg = Release|x86
		{011A02A3-1593-4C69-8764-FA8730453668}.AppStore|x86.Build.0 = Release|x86
		{011A02A3-1593-4C69-8764-FA8730453668}.AppStore|x86.Deploy.0 = Release|x86
		{011A02A3-1593-4C69-8764-FA8730453668}.Debug|Any CPU.ActiveCfg = Debug|Any CPU
		{011A02A3-1593-4C69-8764-FA8730453668}.Debug|Any CPU.Build.0 = Debug|Any CPU
		{011A02A3-1593-4C69-8764-FA8730453668}.Debug|Any CPU.Deploy.0 = Debug|Any CPU
		{011A02A3-1593-4C69-8764-FA8730453668}.Debug|ARM.ActiveCfg = Debug|ARM
		{011A02A3-1593-4C69-8764-FA8730453668}.Debug|ARM.Build.0 = Debug|ARM
		{011A02A3-1593-4C69-8764-FA8730453668}.Debug|ARM.Deploy.0 = Debug|ARM
		{011A02A3-1593-4C69-8764-FA8730453668}.Debug|iPhone.ActiveCfg = Debug|Any CPU
		{011A02A3-1593-4C69-8764-FA8730453668}.Debug|iPhoneSimulator.ActiveCfg = Debug|Any CPU
		{011A02A3-1593-4C69-8764-FA8730453668}.Debug|Mixed Platforms.ActiveCfg = Debug|x86
		{011A02A3-1593-4C69-8764-FA8730453668}.Debug|Mixed Platforms.Build.0 = Debug|x86
		{011A02A3-1593-4C69-8764-FA8730453668}.Debug|Mixed Platforms.Deploy.0 = Debug|x86
		{011A02A3-1593-4C69-8764-FA8730453668}.Debug|x86.ActiveCfg = Debug|x86
		{011A02A3-1593-4C69-8764-FA8730453668}.Debug|x86.Build.0 = Debug|x86
		{011A02A3-1593-4C69-8764-FA8730453668}.Debug|x86.Deploy.0 = Debug|x86
		{011A02A3-1593-4C69-8764-FA8730453668}.Release|Any CPU.ActiveCfg = Release|Any CPU
		{011A02A3-1593-4C69-8764-FA8730453668}.Release|Any CPU.Build.0 = Release|Any CPU
		{011A02A3-1593-4C69-8764-FA8730453668}.Release|Any CPU.Deploy.0 = Release|Any CPU
		{011A02A3-1593-4C69-8764-FA8730453668}.Release|ARM.ActiveCfg = Release|ARM
		{011A02A3-1593-4C69-8764-FA8730453668}.Release|ARM.Build.0 = Release|ARM
		{011A02A3-1593-4C69-8764-FA8730453668}.Release|ARM.Deploy.0 = Release|ARM
		{011A02A3-1593-4C69-8764-FA8730453668}.Release|iPhone.ActiveCfg = Release|Any CPU
		{011A02A3-1593-4C69-8764-FA8730453668}.Release|iPhoneSimulator.ActiveCfg = Release|Any CPU
		{011A02A3-1593-4C69-8764-FA8730453668}.Release|Mixed Platforms.ActiveCfg = Release|x86
		{011A02A3-1593-4C69-8764-FA8730453668}.Release|Mixed Platforms.Build.0 = Release|x86
		{011A02A3-1593-4C69-8764-FA8730453668}.Release|Mixed Platforms.Deploy.0 = Release|x86
		{011A02A3-1593-4C69-8764-FA8730453668}.Release|x86.ActiveCfg = Release|x86
		{011A02A3-1593-4C69-8764-FA8730453668}.Release|x86.Build.0 = Release|x86
		{011A02A3-1593-4C69-8764-FA8730453668}.Release|x86.Deploy.0 = Release|x86
	EndGlobalSection
	GlobalSection(SolutionProperties) = preSolution
		HideSolutionNode = FALSE
	EndGlobalSection
EndGlobal
